// !$*UTF8*$!
{
	archiveVersion = 1;
	classes = {
	};
	objectVersion = 46;
	objects = {

/* Begin PBXBuildFile section */
		BBFF33651E6BFDF3002ED6B0 /* AppDelegate.m in Sources */ = {isa = PBXBuildFile; fileRef = BBFF33641E6BFDF3002ED6B0 /* AppDelegate.m */; };
		BBFF33681E6BFDF3002ED6B0 /* main.m in Sources */ = {isa = PBXBuildFile; fileRef = BBFF33671E6BFDF3002ED6B0 /* main.m */; };
		BBFF336B1E6BFDF3002ED6B0 /* ViewController.m in Sources */ = {isa = PBXBuildFile; fileRef = BBFF336A1E6BFDF3002ED6B0 /* ViewController.m */; };
		BBFF336D1E6BFDF3002ED6B0 /* Assets.xcassets in Resources */ = {isa = PBXBuildFile; fileRef = BBFF336C1E6BFDF3002ED6B0 /* Assets.xcassets */; };
		BBFF33701E6BFDF3002ED6B0 /* Main.storyboard in Resources */ = {isa = PBXBuildFile; fileRef = BBFF336E1E6BFDF3002ED6B0 /* Main.storyboard */; };
		BBFF337B1E6BFDF3002ED6B0 /* MyUIKitTests.m in Sources */ = {isa = PBXBuildFile; fileRef = BBFF337A1E6BFDF3002ED6B0 /* MyUIKitTests.m */; };
		BBFF33861E6BFDF4002ED6B0 /* MyUIKitUITests.m in Sources */ = {isa = PBXBuildFile; fileRef = BBFF33851E6BFDF4002ED6B0 /* MyUIKitUITests.m */; };
		BBFF33981E6C1304002ED6B0 /* UIResponder.m in Sources */ = {isa = PBXBuildFile; fileRef = BBFF33971E6C1304002ED6B0 /* UIResponder.m */; };
		BBFF339B1E6C147B002ED6B0 /* UIEvent.m in Sources */ = {isa = PBXBuildFile; fileRef = BBFF339A1E6C147B002ED6B0 /* UIEvent.m */; };
		BBFF339E1E6C1548002ED6B0 /* UITouch.m in Sources */ = {isa = PBXBuildFile; fileRef = BBFF339D1E6C1548002ED6B0 /* UITouch.m */; };
		BBFF33A11E6C1721002ED6B0 /* UIView.m in Sources */ = {isa = PBXBuildFile; fileRef = BBFF33A01E6C1721002ED6B0 /* UIView.m */; };
		BBFF33A51E6C18A0002ED6B0 /* UIBarItem.m in Sources */ = {isa = PBXBuildFile; fileRef = BBFF33A41E6C18A0002ED6B0 /* UIBarItem.m */; };
		BBFF33A81E6C1937002ED6B0 /* UIControl.m in Sources */ = {isa = PBXBuildFile; fileRef = BBFF33A71E6C1937002ED6B0 /* UIControl.m */; };
		BBFF33AB1E6C1A5E002ED6B0 /* UIGeometry.m in Sources */ = {isa = PBXBuildFile; fileRef = BBFF33AA1E6C1A5E002ED6B0 /* UIGeometry.m */; };
/* End PBXBuildFile section */

/* Begin PBXContainerItemProxy section */
		BBFF33771E6BFDF3002ED6B0 /* PBXContainerItemProxy */ = {
			isa = PBXContainerItemProxy;
			containerPortal = BBFF33581E6BFDF3002ED6B0 /* Project object */;
			proxyType = 1;
			remoteGlobalIDString = BBFF335F1E6BFDF3002ED6B0;
			remoteInfo = MyUIKit;
		};
		BBFF33821E6BFDF4002ED6B0 /* PBXContainerItemProxy */ = {
			isa = PBXContainerItemProxy;
			containerPortal = BBFF33581E6BFDF3002ED6B0 /* Project object */;
			proxyType = 1;
			remoteGlobalIDString = BBFF335F1E6BFDF3002ED6B0;
			remoteInfo = MyUIKit;
		};
/* End PBXContainerItemProxy section */

/* Begin PBXFileReference section */
		BBFF33601E6BFDF3002ED6B0 /* MyUIKit.app */ = {isa = PBXFileReference; explicitFileType = wrapper.application; includeInIndex = 0; path = MyUIKit.app; sourceTree = BUILT_PRODUCTS_DIR; };
		BBFF33631E6BFDF3002ED6B0 /* AppDelegate.h */ = {isa = PBXFileReference; lastKnownFileType = sourcecode.c.h; path = AppDelegate.h; sourceTree = "<group>"; };
		BBFF33641E6BFDF3002ED6B0 /* AppDelegate.m */ = {isa = PBXFileReference; lastKnownFileType = sourcecode.c.objc; path = AppDelegate.m; sourceTree = "<group>"; };
		BBFF33671E6BFDF3002ED6B0 /* main.m */ = {isa = PBXFileReference; lastKnownFileType = sourcecode.c.objc; path = main.m; sourceTree = "<group>"; };
		BBFF33691E6BFDF3002ED6B0 /* ViewController.h */ = {isa = PBXFileReference; lastKnownFileType = sourcecode.c.h; path = ViewController.h; sourceTree = "<group>"; };
		BBFF336A1E6BFDF3002ED6B0 /* ViewController.m */ = {isa = PBXFileReference; lastKnownFileType = sourcecode.c.objc; path = ViewController.m; sourceTree = "<group>"; };
		BBFF336C1E6BFDF3002ED6B0 /* Assets.xcassets */ = {isa = PBXFileReference; lastKnownFileType = folder.assetcatalog; path = Assets.xcassets; sourceTree = "<group>"; };
		BBFF336F1E6BFDF3002ED6B0 /* Base */ = {isa = PBXFileReference; lastKnownFileType = file.storyboard; name = Base; path = Base.lproj/Main.storyboard; sourceTree = "<group>"; };
		BBFF33711E6BFDF3002ED6B0 /* Info.plist */ = {isa = PBXFileReference; lastKnownFileType = text.plist.xml; path = Info.plist; sourceTree = "<group>"; };
		BBFF33761E6BFDF3002ED6B0 /* MyUIKitTests.xctest */ = {isa = PBXFileReference; explicitFileType = wrapper.cfbundle; includeInIndex = 0; path = MyUIKitTests.xctest; sourceTree = BUILT_PRODUCTS_DIR; };
		BBFF337A1E6BFDF3002ED6B0 /* MyUIKitTests.m */ = {isa = PBXFileReference; lastKnownFileType = sourcecode.c.objc; path = MyUIKitTests.m; sourceTree = "<group>"; };
		BBFF337C1E6BFDF4002ED6B0 /* Info.plist */ = {isa = PBXFileReference; lastKnownFileType = text.plist.xml; path = Info.plist; sourceTree = "<group>"; };
		BBFF33811E6BFDF4002ED6B0 /* MyUIKitUITests.xctest */ = {isa = PBXFileReference; explicitFileType = wrapper.cfbundle; includeInIndex = 0; path = MyUIKitUITests.xctest; sourceTree = BUILT_PRODUCTS_DIR; };
		BBFF33851E6BFDF4002ED6B0 /* MyUIKitUITests.m */ = {isa = PBXFileReference; lastKnownFileType = sourcecode.c.objc; path = MyUIKitUITests.m; sourceTree = "<group>"; };
		BBFF33871E6BFDF4002ED6B0 /* Info.plist */ = {isa = PBXFileReference; lastKnownFileType = text.plist.xml; path = Info.plist; sourceTree = "<group>"; };
		BBFF33961E6C1304002ED6B0 /* UIResponder.h */ = {isa = PBXFileReference; fileEncoding = 4; lastKnownFileType = sourcecode.c.h; path = UIResponder.h; sourceTree = "<group>"; };
		BBFF33971E6C1304002ED6B0 /* UIResponder.m */ = {isa = PBXFileReference; fileEncoding = 4; lastKnownFileType = sourcecode.c.objc; path = UIResponder.m; sourceTree = "<group>"; };
		BBFF33991E6C147B002ED6B0 /* UIEvent.h */ = {isa = PBXFileReference; fileEncoding = 4; lastKnownFileType = sourcecode.c.h; path = UIEvent.h; sourceTree = "<group>"; };
		BBFF339A1E6C147B002ED6B0 /* UIEvent.m */ = {isa = PBXFileReference; fileEncoding = 4; lastKnownFileType = sourcecode.c.objc; path = UIEvent.m; sourceTree = "<group>"; };
		BBFF339C1E6C1548002ED6B0 /* UITouch.h */ = {isa = PBXFileReference; fileEncoding = 4; lastKnownFileType = sourcecode.c.h; path = UITouch.h; sourceTree = "<group>"; };
		BBFF339D1E6C1548002ED6B0 /* UITouch.m */ = {isa = PBXFileReference; fileEncoding = 4; lastKnownFileType = sourcecode.c.objc; path = UITouch.m; sourceTree = "<group>"; };
		BBFF339F1E6C1721002ED6B0 /* UIView.h */ = {isa = PBXFileReference; fileEncoding = 4; lastKnownFileType = sourcecode.c.h; path = UIView.h; sourceTree = "<group>"; };
		BBFF33A01E6C1721002ED6B0 /* UIView.m */ = {isa = PBXFileReference; fileEncoding = 4; lastKnownFileType = sourcecode.c.objc; path = UIView.m; sourceTree = "<group>"; };
		BBFF33A21E6C17D2002ED6B0 /* UIAppearance.h */ = {isa = PBXFileReference; lastKnownFileType = sourcecode.c.h; path = UIAppearance.h; sourceTree = "<group>"; };
		BBFF33A31E6C18A0002ED6B0 /* UIBarItem.h */ = {isa = PBXFileReference; fileEncoding = 4; lastKnownFileType = sourcecode.c.h; path = UIBarItem.h; sourceTree = "<group>"; };
		BBFF33A41E6C18A0002ED6B0 /* UIBarItem.m */ = {isa = PBXFileReference; fileEncoding = 4; lastKnownFileType = sourcecode.c.objc; path = UIBarItem.m; sourceTree = "<group>"; };
		BBFF33A61E6C1937002ED6B0 /* UIControl.h */ = {isa = PBXFileReference; fileEncoding = 4; lastKnownFileType = sourcecode.c.h; path = UIControl.h; sourceTree = "<group>"; };
		BBFF33A71E6C1937002ED6B0 /* UIControl.m */ = {isa = PBXFileReference; fileEncoding = 4; lastKnownFileType = sourcecode.c.objc; path = UIControl.m; sourceTree = "<group>"; };
		BBFF33A91E6C1A5E002ED6B0 /* UIGeometry.h */ = {isa = PBXFileReference; fileEncoding = 4; lastKnownFileType = sourcecode.c.h; path = UIGeometry.h; sourceTree = "<group>"; };
		BBFF33AA1E6C1A5E002ED6B0 /* UIGeometry.m */ = {isa = PBXFileReference; fileEncoding = 4; lastKnownFileType = sourcecode.c.objc; path = UIGeometry.m; sourceTree = "<group>"; };
/* End PBXFileReference section */

/* Begin PBXFrameworksBuildPhase section */
		BBFF335D1E6BFDF3002ED6B0 /* Frameworks */ = {
			isa = PBXFrameworksBuildPhase;
			buildActionMask = 2147483647;
			files = (
			);
			runOnlyForDeploymentPostprocessing = 0;
		};
		BBFF33731E6BFDF3002ED6B0 /* Frameworks */ = {
			isa = PBXFrameworksBuildPhase;
			buildActionMask = 2147483647;
			files = (
			);
			runOnlyForDeploymentPostprocessing = 0;
		};
		BBFF337E1E6BFDF4002ED6B0 /* Frameworks */ = {
			isa = PBXFrameworksBuildPhase;
			buildActionMask = 2147483647;
			files = (
			);
			runOnlyForDeploymentPostprocessing = 0;
		};
/* End PBXFrameworksBuildPhase section */

/* Begin PBXGroup section */
		BBFF33571E6BFDF3002ED6B0 = {
			isa = PBXGroup;
			children = (
				BBFF33621E6BFDF3002ED6B0 /* MyUIKit */,
				BBFF33791E6BFDF3002ED6B0 /* MyUIKitTests */,
				BBFF33841E6BFDF4002ED6B0 /* MyUIKitUITests */,
				BBFF33611E6BFDF3002ED6B0 /* Products */,
			);
			sourceTree = "<group>";
		};
		BBFF33611E6BFDF3002ED6B0 /* Products */ = {
			isa = PBXGroup;
			children = (
				BBFF33601E6BFDF3002ED6B0 /* MyUIKit.app */,
				BBFF33761E6BFDF3002ED6B0 /* MyUIKitTests.xctest */,
				BBFF33811E6BFDF4002ED6B0 /* MyUIKitUITests.xctest */,
			);
			name = Products;
			sourceTree = "<group>";
		};
		BBFF33621E6BFDF3002ED6B0 /* MyUIKit */ = {
			isa = PBXGroup;
			children = (
				BBFF33631E6BFDF3002ED6B0 /* AppDelegate.h */,
				BBFF33641E6BFDF3002ED6B0 /* AppDelegate.m */,
				BBFF33691E6BFDF3002ED6B0 /* ViewController.h */,
				BBFF336A1E6BFDF3002ED6B0 /* ViewController.m */,
				BBFF33931E6C12CC002ED6B0 /* Private Categories */,
				BBFF33941E6C12CC002ED6B0 /* Private Classes */,
				BBFF33951E6C12CC002ED6B0 /* UIKit Classes */,
				BBFF336C1E6BFDF3002ED6B0 /* Assets.xcassets */,
				BBFF336E1E6BFDF3002ED6B0 /* Main.storyboard */,
				BBFF33711E6BFDF3002ED6B0 /* Info.plist */,
				BBFF33661E6BFDF3002ED6B0 /* Supporting Files */,
			);
			path = MyUIKit;
			sourceTree = "<group>";
		};
		BBFF33661E6BFDF3002ED6B0 /* Supporting Files */ = {
			isa = PBXGroup;
			children = (
				BBFF33671E6BFDF3002ED6B0 /* main.m */,
			);
			name = "Supporting Files";
			sourceTree = "<group>";
		};
		BBFF33791E6BFDF3002ED6B0 /* MyUIKitTests */ = {
			isa = PBXGroup;
			children = (
				BBFF337A1E6BFDF3002ED6B0 /* MyUIKitTests.m */,
				BBFF337C1E6BFDF4002ED6B0 /* Info.plist */,
			);
			path = MyUIKitTests;
			sourceTree = "<group>";
		};
		BBFF33841E6BFDF4002ED6B0 /* MyUIKitUITests */ = {
			isa = PBXGroup;
			children = (
				BBFF33851E6BFDF4002ED6B0 /* MyUIKitUITests.m */,
				BBFF33871E6BFDF4002ED6B0 /* Info.plist */,
			);
			path = MyUIKitUITests;
			sourceTree = "<group>";
		};
		BBFF33931E6C12CC002ED6B0 /* Private Categories */ = {
			isa = PBXGroup;
			children = (
			);
			path = "Private Categories";
			sourceTree = "<group>";
		};
		BBFF33941E6C12CC002ED6B0 /* Private Classes */ = {
			isa = PBXGroup;
			children = (
			);
			path = "Private Classes";
			sourceTree = "<group>";
		};
		BBFF33951E6C12CC002ED6B0 /* UIKit Classes */ = {
			isa = PBXGroup;
			children = (
				BBFF339C1E6C1548002ED6B0 /* UITouch.h */,
				BBFF339D1E6C1548002ED6B0 /* UITouch.m */,
				BBFF33991E6C147B002ED6B0 /* UIEvent.h */,
				BBFF339A1E6C147B002ED6B0 /* UIEvent.m */,
				BBFF33961E6C1304002ED6B0 /* UIResponder.h */,
				BBFF33971E6C1304002ED6B0 /* UIResponder.m */,
				BBFF339F1E6C1721002ED6B0 /* UIView.h */,
				BBFF33A01E6C1721002ED6B0 /* UIView.m */,
				BBFF33A61E6C1937002ED6B0 /* UIControl.h */,
				BBFF33A71E6C1937002ED6B0 /* UIControl.m */,
				BBFF33A21E6C17D2002ED6B0 /* UIAppearance.h */,
				BBFF33A31E6C18A0002ED6B0 /* UIBarItem.h */,
				BBFF33A41E6C18A0002ED6B0 /* UIBarItem.m */,
				BBFF33A91E6C1A5E002ED6B0 /* UIGeometry.h */,
				BBFF33AA1E6C1A5E002ED6B0 /* UIGeometry.m */,
			);
			path = "UIKit Classes";
			sourceTree = "<group>";
		};
/* End PBXGroup section */

/* Begin PBXNativeTarget section */
		BBFF335F1E6BFDF3002ED6B0 /* MyUIKit */ = {
			isa = PBXNativeTarget;
			buildConfigurationList = BBFF338A1E6BFDF4002ED6B0 /* Build configuration list for PBXNativeTarget "MyUIKit" */;
			buildPhases = (
				BBFF335C1E6BFDF3002ED6B0 /* Sources */,
				BBFF335D1E6BFDF3002ED6B0 /* Frameworks */,
				BBFF335E1E6BFDF3002ED6B0 /* Resources */,
			);
			buildRules = (
			);
			dependencies = (
			);
			name = MyUIKit;
			productName = MyUIKit;
			productReference = BBFF33601E6BFDF3002ED6B0 /* MyUIKit.app */;
			productType = "com.apple.product-type.application";
		};
		BBFF33751E6BFDF3002ED6B0 /* MyUIKitTests */ = {
			isa = PBXNativeTarget;
			buildConfigurationList = BBFF338D1E6BFDF4002ED6B0 /* Build configuration list for PBXNativeTarget "MyUIKitTests" */;
			buildPhases = (
				BBFF33721E6BFDF3002ED6B0 /* Sources */,
				BBFF33731E6BFDF3002ED6B0 /* Frameworks */,
				BBFF33741E6BFDF3002ED6B0 /* Resources */,
			);
			buildRules = (
			);
			dependencies = (
				BBFF33781E6BFDF3002ED6B0 /* PBXTargetDependency */,
			);
			name = MyUIKitTests;
			productName = MyUIKitTests;
			productReference = BBFF33761E6BFDF3002ED6B0 /* MyUIKitTests.xctest */;
			productType = "com.apple.product-type.bundle.unit-test";
		};
		BBFF33801E6BFDF4002ED6B0 /* MyUIKitUITests */ = {
			isa = PBXNativeTarget;
			buildConfigurationList = BBFF33901E6BFDF4002ED6B0 /* Build configuration list for PBXNativeTarget "MyUIKitUITests" */;
			buildPhases = (
				BBFF337D1E6BFDF4002ED6B0 /* Sources */,
				BBFF337E1E6BFDF4002ED6B0 /* Frameworks */,
				BBFF337F1E6BFDF4002ED6B0 /* Resources */,
			);
			buildRules = (
			);
			dependencies = (
				BBFF33831E6BFDF4002ED6B0 /* PBXTargetDependency */,
			);
			name = MyUIKitUITests;
			productName = MyUIKitUITests;
			productReference = BBFF33811E6BFDF4002ED6B0 /* MyUIKitUITests.xctest */;
			productType = "com.apple.product-type.bundle.ui-testing";
		};
/* End PBXNativeTarget section */

/* Begin PBXProject section */
		BBFF33581E6BFDF3002ED6B0 /* Project object */ = {
			isa = PBXProject;
			attributes = {
				LastUpgradeCheck = 0730;
				ORGANIZATIONNAME = Jack;
				TargetAttributes = {
					BBFF335F1E6BFDF3002ED6B0 = {
						CreatedOnToolsVersion = 7.3.1;
					};
					BBFF33751E6BFDF3002ED6B0 = {
						CreatedOnToolsVersion = 7.3.1;
						TestTargetID = BBFF335F1E6BFDF3002ED6B0;
					};
					BBFF33801E6BFDF4002ED6B0 = {
						CreatedOnToolsVersion = 7.3.1;
						TestTargetID = BBFF335F1E6BFDF3002ED6B0;
					};
				};
			};
			buildConfigurationList = BBFF335B1E6BFDF3002ED6B0 /* Build configuration list for PBXProject "MyUIKit" */;
			compatibilityVersion = "Xcode 3.2";
			developmentRegion = English;
			hasScannedForEncodings = 0;
			knownRegions = (
				en,
				Base,
			);
			mainGroup = BBFF33571E6BFDF3002ED6B0;
			productRefGroup = BBFF33611E6BFDF3002ED6B0 /* Products */;
			projectDirPath = "";
			projectRoot = "";
			targets = (
				BBFF335F1E6BFDF3002ED6B0 /* MyUIKit */,
				BBFF33751E6BFDF3002ED6B0 /* MyUIKitTests */,
				BBFF33801E6BFDF4002ED6B0 /* MyUIKitUITests */,
			);
		};
/* End PBXProject section */

/* Begin PBXResourcesBuildPhase section */
		BBFF335E1E6BFDF3002ED6B0 /* Resources */ = {
			isa = PBXResourcesBuildPhase;
			buildActionMask = 2147483647;
			files = (
				BBFF336D1E6BFDF3002ED6B0 /* Assets.xcassets in Resources */,
				BBFF33701E6BFDF3002ED6B0 /* Main.storyboard in Resources */,
			);
			runOnlyForDeploymentPostprocessing = 0;
		};
		BBFF33741E6BFDF3002ED6B0 /* Resources */ = {
			isa = PBXResourcesBuildPhase;
			buildActionMask = 2147483647;
			files = (
			);
			runOnlyForDeploymentPostprocessing = 0;
		};
		BBFF337F1E6BFDF4002ED6B0 /* Resources */ = {
			isa = PBXResourcesBuildPhase;
			buildActionMask = 2147483647;
			files = (
			);
			runOnlyForDeploymentPostprocessing = 0;
		};
/* End PBXResourcesBuildPhase section */

/* Begin PBXSourcesBuildPhase section */
		BBFF335C1E6BFDF3002ED6B0 /* Sources */ = {
			isa = PBXSourcesBuildPhase;
			buildActionMask = 2147483647;
			files = (
				BBFF33A51E6C18A0002ED6B0 /* UIBarItem.m in Sources */,
				BBFF33A81E6C1937002ED6B0 /* UIControl.m in Sources */,
				BBFF33981E6C1304002ED6B0 /* UIResponder.m in Sources */,
				BBFF33AB1E6C1A5E002ED6B0 /* UIGeometry.m in Sources */,
				BBFF336B1E6BFDF3002ED6B0 /* ViewController.m in Sources */,
				BBFF339B1E6C147B002ED6B0 /* UIEvent.m in Sources */,
				BBFF33681E6BFDF3002ED6B0 /* main.m in Sources */,
				BBFF33A11E6C1721002ED6B0 /* UIView.m in Sources */,
				BBFF33651E6BFDF3002ED6B0 /* AppDelegate.m in Sources */,
				BBFF339E1E6C1548002ED6B0 /* UITouch.m in Sources */,
			);
			runOnlyForDeploymentPostprocessing = 0;
		};
		BBFF33721E6BFDF3002ED6B0 /* Sources */ = {
			isa = PBXSourcesBuildPhase;
			buildActionMask = 2147483647;
			files = (
				BBFF337B1E6BFDF3002ED6B0 /* MyUIKitTests.m in Sources */,
			);
			runOnlyForDeploymentPostprocessing = 0;
		};
		BBFF337D1E6BFDF4002ED6B0 /* Sources */ = {
			isa = PBXSourcesBuildPhase;
			buildActionMask = 2147483647;
			files = (
				BBFF33861E6BFDF4002ED6B0 /* MyUIKitUITests.m in Sources */,
			);
			runOnlyForDeploymentPostprocessing = 0;
		};
/* End PBXSourcesBuildPhase section */

/* Begin PBXTargetDependency section */
		BBFF33781E6BFDF3002ED6B0 /* PBXTargetDependency */ = {
			isa = PBXTargetDependency;
			target = BBFF335F1E6BFDF3002ED6B0 /* MyUIKit */;
			targetProxy = BBFF33771E6BFDF3002ED6B0 /* PBXContainerItemProxy */;
		};
		BBFF33831E6BFDF4002ED6B0 /* PBXTargetDependency */ = {
			isa = PBXTargetDependency;
			target = BBFF335F1E6BFDF3002ED6B0 /* MyUIKit */;
			targetProxy = BBFF33821E6BFDF4002ED6B0 /* PBXContainerItemProxy */;
		};
/* End PBXTargetDependency section */

/* Begin PBXVariantGroup section */
		BBFF336E1E6BFDF3002ED6B0 /* Main.storyboard */ = {
			isa = PBXVariantGroup;
			children = (
				BBFF336F1E6BFDF3002ED6B0 /* Base */,
			);
			name = Main.storyboard;
			sourceTree = "<group>";
		};
/* End PBXVariantGroup section */

/* Begin XCBuildConfiguration section */
		BBFF33881E6BFDF4002ED6B0 /* Debug */ = {
			isa = XCBuildConfiguration;
			buildSettings = {
				ALWAYS_SEARCH_USER_PATHS = NO;
				CLANG_ANALYZER_NONNULL = YES;
				CLANG_CXX_LANGUAGE_STANDARD = "gnu++0x";
				CLANG_CXX_LIBRARY = "libc++";
				CLANG_ENABLE_MODULES = YES;
				CLANG_ENABLE_OBJC_ARC = YES;
				CLANG_WARN_BOOL_CONVERSION = YES;
				CLANG_WARN_CONSTANT_CONVERSION = YES;
				CLANG_WARN_DIRECT_OBJC_ISA_USAGE = YES_ERROR;
				CLANG_WARN_EMPTY_BODY = YES;
				CLANG_WARN_ENUM_CONVERSION = YES;
				CLANG_WARN_INT_CONVERSION = YES;
				CLANG_WARN_OBJC_ROOT_CLASS = YES_ERROR;
				CLANG_WARN_UNREACHABLE_CODE = YES;
				CLANG_WARN__DUPLICATE_METHOD_MATCH = YES;
				CODE_SIGN_IDENTITY = "-";
				COPY_PHASE_STRIP = NO;
				DEBUG_INFORMATION_FORMAT = dwarf;
				ENABLE_STRICT_OBJC_MSGSEND = YES;
				ENABLE_TESTABILITY = YES;
				GCC_C_LANGUAGE_STANDARD = gnu99;
				GCC_DYNAMIC_NO_PIC = NO;
				GCC_NO_COMMON_BLOCKS = YES;
				GCC_OPTIMIZATION_LEVEL = 0;
				GCC_PREPROCESSOR_DEFINITIONS = (
					"DEBUG=1",
					"$(inherited)",
				);
				GCC_WARN_64_TO_32_BIT_CONVERSION = YES;
				GCC_WARN_ABOUT_RETURN_TYPE = YES_ERROR;
				GCC_WARN_UNDECLARED_SELECTOR = YES;
				GCC_WARN_UNINITIALIZED_AUTOS = YES_AGGRESSIVE;
				GCC_WARN_UNUSED_FUNCTION = YES;
				GCC_WARN_UNUSED_VARIABLE = YES;
				MACOSX_DEPLOYMENT_TARGET = 10.11;
				MTL_ENABLE_DEBUG_INFO = YES;
				ONLY_ACTIVE_ARCH = YES;
				SDKROOT = macosx;
			};
			name = Debug;
		};
		BBFF33891E6BFDF4002ED6B0 /* Release */ = {
			isa = XCBuildConfiguration;
			buildSettings = {
				ALWAYS_SEARCH_USER_PATHS = NO;
				CLANG_ANALYZER_NONNULL = YES;
				CLANG_CXX_LANGUAGE_STANDARD = "gnu++0x";
				CLANG_CXX_LIBRARY = "libc++";
				CLANG_ENABLE_MODULES = YES;
				CLANG_ENABLE_OBJC_ARC = YES;
				CLANG_WARN_BOOL_CONVERSION = YES;
				CLANG_WARN_CONSTANT_CONVERSION = YES;
				CLANG_WARN_DIRECT_OBJC_ISA_USAGE = YES_ERROR;
				CLANG_WARN_EMPTY_BODY = YES;
				CLANG_WARN_ENUM_CONVERSION = YES;
				CLANG_WARN_INT_CONVERSION = YES;
				CLANG_WARN_OBJC_ROOT_CLASS = YES_ERROR;
				CLANG_WARN_UNREACHABLE_CODE = YES;
				CLANG_WARN__DUPLICATE_METHOD_MATCH = YES;
				CODE_SIGN_IDENTITY = "-";
				COPY_PHASE_STRIP = NO;
				DEBUG_INFORMATION_FORMAT = "dwarf-with-dsym";
				ENABLE_NS_ASSERTIONS = NO;
				ENABLE_STRICT_OBJC_MSGSEND = YES;
				GCC_C_LANGUAGE_STANDARD = gnu99;
				GCC_NO_COMMON_BLOCKS = YES;
				GCC_WARN_64_TO_32_BIT_CONVERSION = YES;
				GCC_WARN_ABOUT_RETURN_TYPE = YES_ERROR;
				GCC_WARN_UNDECLARED_SELECTOR = YES;
				GCC_WARN_UNINITIALIZED_AUTOS = YES_AGGRESSIVE;
				GCC_WARN_UNUSED_FUNCTION = YES;
				GCC_WARN_UNUSED_VARIABLE = YES;
				MACOSX_DEPLOYMENT_TARGET = 10.11;
				MTL_ENABLE_DEBUG_INFO = NO;
				SDKROOT = macosx;
			};
			name = Release;
		};
		BBFF338B1E6BFDF4002ED6B0 /* Debug */ = {
			isa = XCBuildConfiguration;
			buildSettings = {
				ASSETCATALOG_COMPILER_APPICON_NAME = AppIcon;
				COMBINE_HIDPI_IMAGES = YES;
				INFOPLIST_FILE = MyUIKit/Info.plist;
				LD_RUNPATH_SEARCH_PATHS = "$(inherited) @executable_path/../Frameworks";
				PRODUCT_BUNDLE_IDENTIFIER = com.DX.MyUIKit;
				PRODUCT_NAME = "$(TARGET_NAME)";
			};
			name = Debug;
		};
		BBFF338C1E6BFDF4002ED6B0 /* Release */ = {
			isa = XCBuildConfiguration;
			buildSettings = {
				ASSETCATALOG_COMPILER_APPICON_NAME = AppIcon;
				COMBINE_HIDPI_IMAGES = YES;
				INFOPLIST_FILE = MyUIKit/Info.plist;
				LD_RUNPATH_SEARCH_PATHS = "$(inherited) @executable_path/../Frameworks";
				PRODUCT_BUNDLE_IDENTIFIER = com.DX.MyUIKit;
				PRODUCT_NAME = "$(TARGET_NAME)";
			};
			name = Release;
		};
		BBFF338E1E6BFDF4002ED6B0 /* Debug */ = {
			isa = XCBuildConfiguration;
			buildSettings = {
				BUNDLE_LOADER = "$(TEST_HOST)";
				COMBINE_HIDPI_IMAGES = YES;
				INFOPLIST_FILE = MyUIKitTests/Info.plist;
				LD_RUNPATH_SEARCH_PATHS = "$(inherited) @executable_path/../Frameworks @loader_path/../Frameworks";
				PRODUCT_BUNDLE_IDENTIFIER = com.DX.MyUIKitTests;
				PRODUCT_NAME = "$(TARGET_NAME)";
				TEST_HOST = "$(BUILT_PRODUCTS_DIR)/MyUIKit.app/Contents/MacOS/MyUIKit";
			};
			name = Debug;
		};
		BBFF338F1E6BFDF4002ED6B0 /* Release */ = {
			isa = XCBuildConfiguration;
			buildSettings = {
				BUNDLE_LOADER = "$(TEST_HOST)";
				COMBINE_HIDPI_IMAGES = YES;
				INFOPLIST_FILE = MyUIKitTests/Info.plist;
				LD_RUNPATH_SEARCH_PATHS = "$(inherited) @executable_path/../Frameworks @loader_path/../Frameworks";
				PRODUCT_BUNDLE_IDENTIFIER = com.DX.MyUIKitTests;
				PRODUCT_NAME = "$(TARGET_NAME)";
				TEST_HOST = "$(BUILT_PRODUCTS_DIR)/MyUIKit.app/Contents/MacOS/MyUIKit";
			};
			name = Release;
		};
		BBFF33911E6BFDF4002ED6B0 /* Debug */ = {
			isa = XCBuildConfiguration;
			buildSettings = {
				COMBINE_HIDPI_IMAGES = YES;
				INFOPLIST_FILE = MyUIKitUITests/Info.plist;
				LD_RUNPATH_SEARCH_PATHS = "$(inherited) @executable_path/../Frameworks @loader_path/../Frameworks";
				PRODUCT_BUNDLE_IDENTIFIER = com.DX.MyUIKitUITests;
				PRODUCT_NAME = "$(TARGET_NAME)";
				TEST_TARGET_NAME = MyUIKit;
			};
			name = Debug;
		};
		BBFF33921E6BFDF4002ED6B0 /* Release */ = {
			isa = XCBuildConfiguration;
			buildSettings = {
				COMBINE_HIDPI_IMAGES = YES;
				INFOPLIST_FILE = MyUIKitUITests/Info.plist;
				LD_RUNPATH_SEARCH_PATHS = "$(inherited) @executable_path/../Frameworks @loader_path/../Frameworks";
				PRODUCT_BUNDLE_IDENTIFIER = com.DX.MyUIKitUITests;
				PRODUCT_NAME = "$(TARGET_NAME)";
				TEST_TARGET_NAME = MyUIKit;
			};
			name = Release;
		};
/* End XCBuildConfiguration section */

/* Begin XCConfigurationList section */
		BBFF335B1E6BFDF3002ED6B0 /* Build configuration list for PBXProject "MyUIKit" */ = {
			isa = XCConfigurationList;
			buildConfigurations = (
				BBFF33881E6BFDF4002ED6B0 /* Debug */,
				BBFF33891E6BFDF4002ED6B0 /* Release */,
			);
			defaultConfigurationIsVisible = 0;
			defaultConfigurationName = Release;
		};
		BBFF338A1E6BFDF4002ED6B0 /* Build configuration list for PBXNativeTarget "MyUIKit" */ = {
			isa = XCConfigurationList;
			buildConfigurations = (
				BBFF338B1E6BFDF4002ED6B0 /* Debug */,
				BBFF338C1E6BFDF4002ED6B0 /* Release */,
			);
			defaultConfigurationIsVisible = 0;
			defaultConfigurationName = Release;
		};
		BBFF338D1E6BFDF4002ED6B0 /* Build configuration list for PBXNativeTarget "MyUIKitTests" */ = {
			isa = XCConfigurationList;
			buildConfigurations = (
				BBFF338E1E6BFDF4002ED6B0 /* Debug */,
				BBFF338F1E6BFDF4002ED6B0 /* Release */,
			);
			defaultConfigurationIsVisible = 0;
			defaultConfigurationName = Release;
		};
		BBFF33901E6BFDF4002ED6B0 /* Build configuration list for PBXNativeTarget "MyUIKitUITests" */ = {
			isa = XCConfigurationList;
			buildConfigurations = (
				BBFF33911E6BFDF4002ED6B0 /* Debug */,
				BBFF33921E6BFDF4002ED6B0 /* Release */,
			);
			defaultConfigurationIsVisible = 0;
			defaultConfigurationName = Release;
		};
/* End XCConfigurationList section */
	};
	rootObject = BBFF33581E6BFDF3002ED6B0 /* Project object */;
}
